
Microsoft Visual Studio Solution File, Format Version 12.00
# Visual Studio Version 17
VisualStudioVersion = 17.9.34728.123
MinimumVisualStudioVersion = 10.0.40219.1
Project("{FAE04EC0-301F-11D3-BF4B-00C04F79EFBC}") = "hauptmann_logic_2", "hauptmann_logic_2\hauptmann_logic_2.csproj", "{B6F5331A-AD53-4FAE-B9A6-37F887C4DA6E}"
EndProject
Global
	GlobalSection(SolutionConfigurationPlatforms) = preSolution
		Debug|Any CPU = Debug|Any CPU
		Release|Any CPU = Release|Any CPU
	EndGlobalSection
	GlobalSection(ProjectConfigurationPlatforms) = postSolution
		{B6F5331A-AD53-4FAE-B9A6-37F887C4DA6E}.Debug|Any CPU.ActiveCfg = Debug|Any CPU
		{B6F5331A-AD53-4FAE-B9A6-37F887C4DA6E}.Debug|Any CPU.Build.0 = Debug|Any CPU
		{B6F5331A-AD53-4FAE-B9A6-37F887C4DA6E}.Release|Any CPU.ActiveCfg = Release|Any CPU
		{B6F5331A-AD53-4FAE-B9A6-37F887C4DA6E}.Release|Any CPU.Build.0 = Release|Any CPU
	EndGlobalSection
	GlobalSection(SolutionProperties) = preSolution
		HideSolutionNode = FALSE
	EndGlobalSection
	GlobalSection(ExtensibilityGlobals) = postSolution
		SolutionGuid = {412C0842-E3D5-4294-8AD8-013E2801B3C6}
	EndGlobalSection
EndGlobal
